// !$*UTF8*$!
{
	archiveVersion = 1;
	classes = {
	};
	objectVersion = 46;
	objects = {

/* Begin PBXBuildFile section */
		11006A2F1CE75CE200A33424 /* AppDelegate.swift in Sources */ = {isa = PBXBuildFile; fileRef = 11006A2E1CE75CE200A33424 /* AppDelegate.swift */; };
		11006A311CE75CE200A33424 /* AddressInput_ViewController.swift in Sources */ = {isa = PBXBuildFile; fileRef = 11006A301CE75CE200A33424 /* AddressInput_ViewController.swift */; };
		11006A341CE75CE200A33424 /* Main.storyboard in Resources */ = {isa = PBXBuildFile; fileRef = 11006A321CE75CE200A33424 /* Main.storyboard */; };
		11006A361CE75CE200A33424 /* Assets.xcassets in Resources */ = {isa = PBXBuildFile; fileRef = 11006A351CE75CE200A33424 /* Assets.xcassets */; };
		11006A391CE75CE200A33424 /* LaunchScreen.storyboard in Resources */ = {isa = PBXBuildFile; fileRef = 11006A371CE75CE200A33424 /* LaunchScreen.storyboard */; };
		11006A411CE75D2500A33424 /* MapKit.framework in Frameworks */ = {isa = PBXBuildFile; fileRef = 11006A401CE75D2500A33424 /* MapKit.framework */; };
		110339E11CECB946002FEBB0 /* ParkingNearDaanPark.gpx in Resources */ = {isa = PBXBuildFile; fileRef = 110339E01CECB946002FEBB0 /* ParkingNearDaanPark.gpx */; };
		112F42B01CE87A5C00851A36 /* ParkingList_TableViewCell.swift in Sources */ = {isa = PBXBuildFile; fileRef = 112F42AF1CE87A5C00851A36 /* ParkingList_TableViewCell.swift */; };
		112F42B21CE87A8600851A36 /* ParkingList_ViewController.swift in Sources */ = {isa = PBXBuildFile; fileRef = 112F42B11CE87A8600851A36 /* ParkingList_ViewController.swift */; };
		112F42B41CE87F5100851A36 /* API_Call.swift in Sources */ = {isa = PBXBuildFile; fileRef = 112F42B31CE87F5100851A36 /* API_Call.swift */; };
		11E184461CE8ADD500508B29 /* directionNavigation_ViewController.swift in Sources */ = {isa = PBXBuildFile; fileRef = 11E184451CE8ADD500508B29 /* directionNavigation_ViewController.swift */; };
		11E184481CE8B08300508B29 /* DaanPark.gpx in Resources */ = {isa = PBXBuildFile; fileRef = 11E184471CE8B08300508B29 /* DaanPark.gpx */; };
		11E2ECD91CECCEAA003A4E3A /* TaipeiStation.gpx in Resources */ = {isa = PBXBuildFile; fileRef = 11E2ECD81CECCEAA003A4E3A /* TaipeiStation.gpx */; };
		4BDB3B98F601398DC637D5FB /* Pods_ParkingTaipei.framework in Frameworks */ = {isa = PBXBuildFile; fileRef = CE33B3D456CFB6EF2845F96F /* Pods_ParkingTaipei.framework */; };
/* End PBXBuildFile section */

/* Begin PBXFileReference section */
		11006A2B1CE75CE200A33424 /* 台北身障停車.app */ = {isa = PBXFileReference; explicitFileType = wrapper.application; includeInIndex = 0; path = "台北身障停車.app"; sourceTree = BUILT_PRODUCTS_DIR; };
		11006A2E1CE75CE200A33424 /* AppDelegate.swift */ = {isa = PBXFileReference; lastKnownFileType = sourcecode.swift; path = AppDelegate.swift; sourceTree = "<group>"; };
		11006A301CE75CE200A33424 /* AddressInput_ViewController.swift */ = {isa = PBXFileReference; lastKnownFileType = sourcecode.swift; path = AddressInput_ViewController.swift; sourceTree = "<group>"; };
		11006A331CE75CE200A33424 /* Base */ = {isa = PBXFileReference; lastKnownFileType = file.storyboard; name = Base; path = Base.lproj/Main.storyboard; sourceTree = "<group>"; };
		11006A351CE75CE200A33424 /* Assets.xcassets */ = {isa = PBXFileReference; lastKnownFileType = folder.assetcatalog; path = Assets.xcassets; sourceTree = "<group>"; };
		11006A381CE75CE200A33424 /* Base */ = {isa = PBXFileReference; lastKnownFileType = file.storyboard; name = Base; path = Base.lproj/LaunchScreen.storyboard; sourceTree = "<group>"; };
		11006A3A1CE75CE200A33424 /* Info.plist */ = {isa = PBXFileReference; lastKnownFileType = text.plist.xml; path = Info.plist; sourceTree = "<group>"; };
		11006A401CE75D2500A33424 /* MapKit.framework */ = {isa = PBXFileReference; lastKnownFileType = wrapper.framework; name = MapKit.framework; path = System/Library/Frameworks/MapKit.framework; sourceTree = SDKROOT; };
		110339E01CECB946002FEBB0 /* ParkingNearDaanPark.gpx */ = {isa = PBXFileReference; fileEncoding = 4; lastKnownFileType = text; path = ParkingNearDaanPark.gpx; sourceTree = "<group>"; };
		112F42AF1CE87A5C00851A36 /* ParkingList_TableViewCell.swift */ = {isa = PBXFileReference; fileEncoding = 4; lastKnownFileType = sourcecode.swift; path = ParkingList_TableViewCell.swift; sourceTree = "<group>"; };
		112F42B11CE87A8600851A36 /* ParkingList_ViewController.swift */ = {isa = PBXFileReference; fileEncoding = 4; lastKnownFileType = sourcecode.swift; path = ParkingList_ViewController.swift; sourceTree = "<group>"; };
		112F42B31CE87F5100851A36 /* API_Call.swift */ = {isa = PBXFileReference; fileEncoding = 4; lastKnownFileType = sourcecode.swift; path = API_Call.swift; sourceTree = "<group>"; };
		11E184451CE8ADD500508B29 /* directionNavigation_ViewController.swift */ = {isa = PBXFileReference; fileEncoding = 4; lastKnownFileType = sourcecode.swift; path = directionNavigation_ViewController.swift; sourceTree = "<group>"; };
		11E184471CE8B08300508B29 /* DaanPark.gpx */ = {isa = PBXFileReference; fileEncoding = 4; lastKnownFileType = text; path = DaanPark.gpx; sourceTree = "<group>"; };
		11E2ECD81CECCEAA003A4E3A /* TaipeiStation.gpx */ = {isa = PBXFileReference; fileEncoding = 4; lastKnownFileType = text; path = TaipeiStation.gpx; sourceTree = "<group>"; };
		4D924453DA2D1E490F051104 /* Pods-ParkingTaipei.release.xcconfig */ = {isa = PBXFileReference; includeInIndex = 1; lastKnownFileType = text.xcconfig; name = "Pods-ParkingTaipei.release.xcconfig"; path = "Pods/Target Support Files/Pods-ParkingTaipei/Pods-ParkingTaipei.release.xcconfig"; sourceTree = "<group>"; };
		CC61BBEE99CACE35C2D5F617 /* Pods-ParkingTaipei.debug.xcconfig */ = {isa = PBXFileReference; includeInIndex = 1; lastKnownFileType = text.xcconfig; name = "Pods-ParkingTaipei.debug.xcconfig"; path = "Pods/Target Support Files/Pods-ParkingTaipei/Pods-ParkingTaipei.debug.xcconfig"; sourceTree = "<group>"; };
		CE33B3D456CFB6EF2845F96F /* Pods_ParkingTaipei.framework */ = {isa = PBXFileReference; explicitFileType = wrapper.framework; includeInIndex = 0; path = Pods_ParkingTaipei.framework; sourceTree = BUILT_PRODUCTS_DIR; };
/* End PBXFileReference section */

/* Begin PBXFrameworksBuildPhase section */
		11006A281CE75CE200A33424 /* Frameworks */ = {
			isa = PBXFrameworksBuildPhase;
			buildActionMask = 2147483647;
			files = (
				11006A411CE75D2500A33424 /* MapKit.framework in Frameworks */,
				4BDB3B98F601398DC637D5FB /* Pods_ParkingTaipei.framework in Frameworks */,
			);
			runOnlyForDeploymentPostprocessing = 0;
		};
/* End PBXFrameworksBuildPhase section */

/* Begin PBXGroup section */
		11006A221CE75CE200A33424 = {
			isa = PBXGroup;
			children = (
				11006A401CE75D2500A33424 /* MapKit.framework */,
				11006A2D1CE75CE200A33424 /* ParkingTaipei */,
				11006A2C1CE75CE200A33424 /* Products */,
				A0CB6EFBCB2B83E52ACC9777 /* Pods */,
				CEA68B1760E360EF583A7C10 /* Frameworks */,
			);
			sourceTree = "<group>";
		};
		11006A2C1CE75CE200A33424 /* Products */ = {
			isa = PBXGroup;
			children = (
				11006A2B1CE75CE200A33424 /* 台北身障停車.app */,
			);
			name = Products;
			sourceTree = "<group>";
		};
		11006A2D1CE75CE200A33424 /* ParkingTaipei */ = {
			isa = PBXGroup;
			children = (
				11006A2E1CE75CE200A33424 /* AppDelegate.swift */,
				112F42B31CE87F5100851A36 /* API_Call.swift */,
				11006A301CE75CE200A33424 /* AddressInput_ViewController.swift */,
				112F42B11CE87A8600851A36 /* ParkingList_ViewController.swift */,
				112F42AF1CE87A5C00851A36 /* ParkingList_TableViewCell.swift */,
				11E184451CE8ADD500508B29 /* directionNavigation_ViewController.swift */,
				11006A321CE75CE200A33424 /* Main.storyboard */,
				11006A351CE75CE200A33424 /* Assets.xcassets */,
				11006A371CE75CE200A33424 /* LaunchScreen.storyboard */,
				11006A3A1CE75CE200A33424 /* Info.plist */,
				11E184471CE8B08300508B29 /* DaanPark.gpx */,
				110339E01CECB946002FEBB0 /* ParkingNearDaanPark.gpx */,
				11E2ECD81CECCEAA003A4E3A /* TaipeiStation.gpx */,
			);
			path = ParkingTaipei;
			sourceTree = "<group>";
		};
		A0CB6EFBCB2B83E52ACC9777 /* Pods */ = {
			isa = PBXGroup;
			children = (
				CC61BBEE99CACE35C2D5F617 /* Pods-ParkingTaipei.debug.xcconfig */,
				4D924453DA2D1E490F051104 /* Pods-ParkingTaipei.release.xcconfig */,
			);
			name = Pods;
			sourceTree = "<group>";
		};
		CEA68B1760E360EF583A7C10 /* Frameworks */ = {
			isa = PBXGroup;
			children = (
				CE33B3D456CFB6EF2845F96F /* Pods_ParkingTaipei.framework */,
			);
			name = Frameworks;
			sourceTree = "<group>";
		};
/* End PBXGroup section */

/* Begin PBXNativeTarget section */
		11006A2A1CE75CE200A33424 /* 台北身障停車 */ = {
			isa = PBXNativeTarget;
			buildConfigurationList = 11006A3D1CE75CE200A33424 /* Build configuration list for PBXNativeTarget "台北身障停車" */;
			buildPhases = (
				B542B6B4419F8F93E19CFFDC /* 📦 Check Pods Manifest.lock */,
				11006A271CE75CE200A33424 /* Sources */,
				11006A281CE75CE200A33424 /* Frameworks */,
				11006A291CE75CE200A33424 /* Resources */,
				9A1D66F770F998E0628F2E5D /* 📦 Embed Pods Frameworks */,
				5B12AB96B3307033FE6419F4 /* 📦 Copy Pods Resources */,
			);
			buildRules = (
			);
			dependencies = (
			);
			name = "台北身障停車";
			productName = ParkingTaipei;
			productReference = 11006A2B1CE75CE200A33424 /* 台北身障停車.app */;
			productType = "com.apple.product-type.application";
		};
/* End PBXNativeTarget section */

/* Begin PBXProject section */
		11006A231CE75CE200A33424 /* Project object */ = {
			isa = PBXProject;
			attributes = {
				LastSwiftUpdateCheck = 0730;
				LastUpgradeCheck = 0730;
				ORGANIZATIONNAME = "Ka Ho";
				TargetAttributes = {
					11006A2A1CE75CE200A33424 = {
						CreatedOnToolsVersion = 7.3.1;
						DevelopmentTeam = KX6H57GMQW;
					};
				};
			};
			buildConfigurationList = 11006A261CE75CE200A33424 /* Build configuration list for PBXProject "ParkingTaipei" */;
			compatibilityVersion = "Xcode 3.2";
			developmentRegion = English;
			hasScannedForEncodings = 0;
			knownRegions = (
				en,
				Base,
			);
			mainGroup = 11006A221CE75CE200A33424;
			productRefGroup = 11006A2C1CE75CE200A33424 /* Products */;
			projectDirPath = "";
			projectRoot = "";
			targets = (
				11006A2A1CE75CE200A33424 /* 台北身障停車 */,
			);
		};
/* End PBXProject section */

/* Begin PBXResourcesBuildPhase section */
		11006A291CE75CE200A33424 /* Resources */ = {
			isa = PBXResourcesBuildPhase;
			buildActionMask = 2147483647;
			files = (
				11006A391CE75CE200A33424 /* LaunchScreen.storyboard in Resources */,
				11006A361CE75CE200A33424 /* Assets.xcassets in Resources */,
				11006A341CE75CE200A33424 /* Main.storyboard in Resources */,
				110339E11CECB946002FEBB0 /* ParkingNearDaanPark.gpx in Resources */,
				11E2ECD91CECCEAA003A4E3A /* TaipeiStation.gpx in Resources */,
				11E184481CE8B08300508B29 /* DaanPark.gpx in Resources */,
			);
			runOnlyForDeploymentPostprocessing = 0;
		};
/* End PBXResourcesBuildPhase section */

/* Begin PBXShellScriptBuildPhase section */
		5B12AB96B3307033FE6419F4 /* 📦 Copy Pods Resources */ = {
			isa = PBXShellScriptBuildPhase;
			buildActionMask = 2147483647;
			files = (
			);
			inputPaths = (
			);
			name = "📦 Copy Pods Resources";
			outputPaths = (
			);
			runOnlyForDeploymentPostprocessing = 0;
			shellPath = /bin/sh;
			shellScript = "\"${SRCROOT}/Pods/Target Support Files/Pods-ParkingTaipei/Pods-ParkingTaipei-resources.sh\"\n";
			showEnvVarsInLog = 0;
		};
		9A1D66F770F998E0628F2E5D /* 📦 Embed Pods Frameworks */ = {
			isa = PBXShellScriptBuildPhase;
			buildActionMask = 2147483647;
			files = (
			);
			inputPaths = (
			);
			name = "📦 Embed Pods Frameworks";
			outputPaths = (
			);
			runOnlyForDeploymentPostprocessing = 0;
			shellPath = /bin/sh;
			shellScript = "\"${SRCROOT}/Pods/Target Support Files/Pods-ParkingTaipei/Pods-ParkingTaipei-frameworks.sh\"\n";
			showEnvVarsInLog = 0;
		};
		B542B6B4419F8F93E19CFFDC /* 📦 Check Pods Manifest.lock */ = {
			isa = PBXShellScriptBuildPhase;
			buildActionMask = 2147483647;
			files = (
			);
			inputPaths = (
			);
			name = "📦 Check Pods Manifest.lock";
			outputPaths = (
			);
			runOnlyForDeploymentPostprocessing = 0;
			shellPath = /bin/sh;
			shellScript = "diff \"${PODS_ROOT}/../Podfile.lock\" \"${PODS_ROOT}/Manifest.lock\" > /dev/null\nif [[ $? != 0 ]] ; then\n    cat << EOM\nerror: The sandbox is not in sync with the Podfile.lock. Run 'pod install' or update your CocoaPods installation.\nEOM\n    exit 1\nfi\n";
			showEnvVarsInLog = 0;
		};
/* End PBXShellScriptBuildPhase section */

/* Begin PBXSourcesBuildPhase section */
		11006A271CE75CE200A33424 /* Sources */ = {
			isa = PBXSourcesBuildPhase;
			buildActionMask = 2147483647;
			files = (
				11E184461CE8ADD500508B29 /* directionNavigation_ViewController.swift in Sources */,
				11006A311CE75CE200A33424 /* AddressInput_ViewController.swift in Sources */,
				112F42B41CE87F5100851A36 /* API_Call.swift in Sources */,
				112F42B01CE87A5C00851A36 /* ParkingList_TableViewCell.swift in Sources */,
				112F42B21CE87A8600851A36 /* ParkingList_ViewController.swift in Sources */,
				11006A2F1CE75CE200A33424 /* AppDelegate.swift in Sources */,
			);
			runOnlyForDeploymentPostprocessing = 0;
		};
/* End PBXSourcesBuildPhase section */

/* Begin PBXVariantGroup section */
		11006A321CE75CE200A33424 /* Main.storyboard */ = {
			isa = PBXVariantGroup;
			children = (
				11006A331CE75CE200A33424 /* Base */,
			);
			name = Main.storyboard;
			sourceTree = "<group>";
		};
		11006A371CE75CE200A33424 /* LaunchScreen.storyboard */ = {
			isa = PBXVariantGroup;
			children = (
				11006A381CE75CE200A33424 /* Base */,
			);
			name = LaunchScreen.storyboard;
			sourceTree = "<group>";
		};
/* End PBXVariantGroup section */

/* Begin XCBuildConfiguration section */
		11006A3B1CE75CE200A33424 /* Debug */ = {
			isa = XCBuildConfiguration;
			buildSettings = {
				ALWAYS_SEARCH_USER_PATHS = NO;
				CLANG_ANALYZER_NONNULL = YES;
				CLANG_CXX_LANGUAGE_STANDARD = "gnu++0x";
				CLANG_CXX_LIBRARY = "libc++";
				CLANG_ENABLE_MODULES = YES;
				CLANG_ENABLE_OBJC_ARC = YES;
				CLANG_WARN_BOOL_CONVERSION = YES;
				CLANG_WARN_CONSTANT_CONVERSION = YES;
				CLANG_WARN_DIRECT_OBJC_ISA_USAGE = YES_ERROR;
				CLANG_WARN_EMPTY_BODY = YES;
				CLANG_WARN_ENUM_CONVERSION = YES;
				CLANG_WARN_INT_CONVERSION = YES;
				CLANG_WARN_OBJC_ROOT_CLASS = YES_ERROR;
				CLANG_WARN_UNREACHABLE_CODE = YES;
				CLANG_WARN__DUPLICATE_METHOD_MATCH = YES;
				"CODE_SIGN_IDENTITY[sdk=iphoneos*]" = "iPhone Developer";
				COPY_PHASE_STRIP = NO;
				DEBUG_INFORMATION_FORMAT = dwarf;
				ENABLE_STRICT_OBJC_MSGSEND = YES;
				ENABLE_TESTABILITY = YES;
				GCC_C_LANGUAGE_STANDARD = gnu99;
				GCC_DYNAMIC_NO_PIC = NO;
				GCC_NO_COMMON_BLOCKS = YES;
				GCC_OPTIMIZATION_LEVEL = 0;
				GCC_PREPROCESSOR_DEFINITIONS = (
					"DEBUG=1",
					"$(inherited)",
				);
				GCC_WARN_64_TO_32_BIT_CONVERSION = YES;
				GCC_WARN_ABOUT_RETURN_TYPE = YES_ERROR;
				GCC_WARN_UNDECLARED_SELECTOR = YES;
				GCC_WARN_UNINITIALIZED_AUTOS = YES_AGGRESSIVE;
				GCC_WARN_UNUSED_FUNCTION = YES;
				GCC_WARN_UNUSED_VARIABLE = YES;
				IPHONEOS_DEPLOYMENT_TARGET = 9.3;
				MTL_ENABLE_DEBUG_INFO = YES;
				ONLY_ACTIVE_ARCH = YES;
				SDKROOT = iphoneos;
				SWIFT_OPTIMIZATION_LEVEL = "-Onone";
				TARGETED_DEVICE_FAMILY = "1,2";
			};
			name = Debug;
		};
		11006A3C1CE75CE200A33424 /* Release */ = {
			isa = XCBuildConfiguration;
			buildSettings = {
				ALWAYS_SEARCH_USER_PATHS = NO;
				CLANG_ANALYZER_NONNULL = YES;
				CLANG_CXX_LANGUAGE_STANDARD = "gnu++0x";
				CLANG_CXX_LIBRARY = "libc++";
				CLANG_ENABLE_MODULES = YES;
				CLANG_ENABLE_OBJC_ARC = YES;
				CLANG_WARN_BOOL_CONVERSION = YES;
				CLANG_WARN_CONSTANT_CONVERSION = YES;
				CLANG_WARN_DIRECT_OBJC_ISA_USAGE = YES_ERROR;
				CLANG_WARN_EMPTY_BODY = YES;
				CLANG_WARN_ENUM_CONVERSION = YES;
				CLANG_WARN_INT_CONVERSION = YES;
				CLANG_WARN_OBJC_ROOT_CLASS = YES_ERROR;
				CLANG_WARN_UNREACHABLE_CODE = YES;
				CLANG_WARN__DUPLICATE_METHOD_MATCH = YES;
				"CODE_SIGN_IDENTITY[sdk=iphoneos*]" = "iPhone Developer";
				COPY_PHASE_STRIP = NO;
				DEBUG_INFORMATION_FORMAT = "dwarf-with-dsym";
				ENABLE_NS_ASSERTIONS = NO;
				ENABLE_STRICT_OBJC_MSGSEND = YES;
				GCC_C_LANGUAGE_STANDARD = gnu99;
				GCC_NO_COMMON_BLOCKS = YES;
				GCC_WARN_64_TO_32_BIT_CONVERSION = YES;
				GCC_WARN_ABOUT_RETURN_TYPE = YES_ERROR;
				GCC_WARN_UNDECLARED_SELECTOR = YES;
				GCC_WARN_UNINITIALIZED_AUTOS = YES_AGGRESSIVE;
				GCC_WARN_UNUSED_FUNCTION = YES;
				GCC_WARN_UNUSED_VARIABLE = YES;
				IPHONEOS_DEPLOYMENT_TARGET = 9.3;
				MTL_ENABLE_DEBUG_INFO = NO;
				SDKROOT = iphoneos;
				TARGETED_DEVICE_FAMILY = "1,2";
				VALIDATE_PRODUCT = YES;
			};
			name = Release;
		};
		11006A3E1CE75CE200A33424 /* Debug */ = {
			isa = XCBuildConfiguration;
			baseConfigurationReference = CC61BBEE99CACE35C2D5F617 /* Pods-ParkingTaipei.debug.xcconfig */;
			buildSettings = {
				ASSETCATALOG_COMPILER_APPICON_NAME = AppIcon;
				CODE_SIGN_IDENTITY = "iPhone Developer";
				INFOPLIST_FILE = ParkingTaipei/Info.plist;
				LD_RUNPATH_SEARCH_PATHS = "$(inherited) @executable_path/Frameworks";
				PRODUCT_BUNDLE_IDENTIFIER = net.kahopoon.ParkingTaipei;
				PRODUCT_NAME = "$(TARGET_NAME)";
				TARGETED_DEVICE_FAMILY = 1;
			};
			name = Debug;
		};
		11006A3F1CE75CE200A33424 /* Release */ = {
			isa = XCBuildConfiguration;
			baseConfigurationReference = 4D924453DA2D1E490F051104 /* Pods-ParkingTaipei.release.xcconfig */;
			buildSettings = {
				ASSETCATALOG_COMPILER_APPICON_NAME = AppIcon;
				CODE_SIGN_IDENTITY = "iPhone Developer";
				INFOPLIST_FILE = ParkingTaipei/Info.plist;
				LD_RUNPATH_SEARCH_PATHS = "$(inherited) @executable_path/Frameworks";
				PRODUCT_BUNDLE_IDENTIFIER = net.kahopoon.ParkingTaipei;
				PRODUCT_NAME = "$(TARGET_NAME)";
				TARGETED_DEVICE_FAMILY = 1;
			};
			name = Release;
		};
/* End XCBuildConfiguration section */

/* Begin XCConfigurationList section */
		11006A261CE75CE200A33424 /* Build configuration list for PBXProject "ParkingTaipei" */ = {
			isa = XCConfigurationList;
			buildConfigurations = (
				11006A3B1CE75CE200A33424 /* Debug */,
				11006A3C1CE75CE200A33424 /* Release */,
			);
			defaultConfigurationIsVisible = 0;
			defaultConfigurationName = Release;
		};
		11006A3D1CE75CE200A33424 /* Build configuration list for PBXNativeTarget "台北身障停車" */ = {
			isa = XCConfigurationList;
			buildConfigurations = (
				11006A3E1CE75CE200A33424 /* Debug */,
				11006A3F1CE75CE200A33424 /* Release */,
			);
			defaultConfigurationIsVisible = 0;
			defaultConfigurationName = Release;
		};
/* End XCConfigurationList section */
	};
	rootObject = 11006A231CE75CE200A33424 /* Project object */;
}
